// !$*UTF8*$!
{
	archiveVersion = 1;
	classes = {
	};
	objectVersion = 56;
	objects = {

/* Begin PBXBuildFile section */
		2B9A21811FAE1F6A02763D58 /* Pods_InstagramCloneTests.framework in Frameworks */ = {isa = PBXBuildFile; fileRef = 513C93E56167C244B3F4BA94 /* Pods_InstagramCloneTests.framework */; };
		97FAD815BF003868292BB593 /* Pods_InstagramClone.framework in Frameworks */ = {isa = PBXBuildFile; fileRef = DA5F12FDC629FF48089E280D /* Pods_InstagramClone.framework */; };
		C07BA6DFA7B5575BC6DB23AA /* Pods_InstagramClone_InstagramCloneUITests.framework in Frameworks */ = {isa = PBXBuildFile; fileRef = 5608F4D06AB9770A1ADA7EF7 /* Pods_InstagramClone_InstagramCloneUITests.framework */; };
		E20097BA2C4AAB1E00AAD85F /* StringUtil.swift in Sources */ = {isa = PBXBuildFile; fileRef = E20097B92C4AAB1E00AAD85F /* StringUtil.swift */; };
		E20097BD2C4AC54700AAD85F /* ProfileCell.swift in Sources */ = {isa = PBXBuildFile; fileRef = E20097BC2C4AC54700AAD85F /* ProfileCell.swift */; };
		E20097BF2C4AC55000AAD85F /* ProfileHeader.swift in Sources */ = {isa = PBXBuildFile; fileRef = E20097BE2C4AC55000AAD85F /* ProfileHeader.swift */; };
		E216FA882C48123E00F289EF /* GoogleService-Info.plist in Resources */ = {isa = PBXBuildFile; fileRef = E216FA872C48123E00F289EF /* GoogleService-Info.plist */; };
		E216FA8A2C4818D500F289EF /* ImageUploaderService.swift in Sources */ = {isa = PBXBuildFile; fileRef = E216FA892C4818D500F289EF /* ImageUploaderService.swift */; };
		E216FA8C2C4818DD00F289EF /* AuthService.swift in Sources */ = {isa = PBXBuildFile; fileRef = E216FA8B2C4818DD00F289EF /* AuthService.swift */; };
		E216FA8E2C48203600F289EF /* FirebaseReference.swift in Sources */ = {isa = PBXBuildFile; fileRef = E216FA8D2C48203600F289EF /* FirebaseReference.swift */; };
		E261FDFB2C46ACBA00F599DF /* CustomTextField.swift in Sources */ = {isa = PBXBuildFile; fileRef = E261FDFA2C46ACBA00F599DF /* CustomTextField.swift */; };
		E261FDFD2C46BB3000F599DF /* AuthenticationViewModel.swift in Sources */ = {isa = PBXBuildFile; fileRef = E261FDFC2C46BB3000F599DF /* AuthenticationViewModel.swift */; };
		E29C04BB2C44597B006E9883 /* AppDelegate.swift in Sources */ = {isa = PBXBuildFile; fileRef = E29C04BA2C44597B006E9883 /* AppDelegate.swift */; };
		E29C04BD2C44597B006E9883 /* SceneDelegate.swift in Sources */ = {isa = PBXBuildFile; fileRef = E29C04BC2C44597B006E9883 /* SceneDelegate.swift */; };
		E29C04C22C44597B006E9883 /* Base in Resources */ = {isa = PBXBuildFile; fileRef = E29C04C12C44597B006E9883 /* Base */; };
		E29C04C42C44597E006E9883 /* Assets.xcassets in Resources */ = {isa = PBXBuildFile; fileRef = E29C04C32C44597E006E9883 /* Assets.xcassets */; };
		E29C04C72C44597E006E9883 /* Base in Resources */ = {isa = PBXBuildFile; fileRef = E29C04C62C44597E006E9883 /* Base */; };
		E29C04D22C44597E006E9883 /* InstagramCloneTests.swift in Sources */ = {isa = PBXBuildFile; fileRef = E29C04D12C44597E006E9883 /* InstagramCloneTests.swift */; };
		E29C04DC2C44597E006E9883 /* InstagramCloneUITests.swift in Sources */ = {isa = PBXBuildFile; fileRef = E29C04DB2C44597E006E9883 /* InstagramCloneUITests.swift */; };
		E29C04DE2C44597E006E9883 /* InstagramCloneUITestsLaunchTests.swift in Sources */ = {isa = PBXBuildFile; fileRef = E29C04DD2C44597E006E9883 /* InstagramCloneUITestsLaunchTests.swift */; };
		E29C04F12C4459F7006E9883 /* MainTabController.swift in Sources */ = {isa = PBXBuildFile; fileRef = E29C04F02C4459F7006E9883 /* MainTabController.swift */; };
		E2EE8FA52C4553D600296123 /* FeedController.swift in Sources */ = {isa = PBXBuildFile; fileRef = E2EE8FA42C4553D600296123 /* FeedController.swift */; };
		E2EE8FA72C4553E400296123 /* SearchController.swift in Sources */ = {isa = PBXBuildFile; fileRef = E2EE8FA62C4553E400296123 /* SearchController.swift */; };
		E2EE8FA92C4553EB00296123 /* PostController.swift in Sources */ = {isa = PBXBuildFile; fileRef = E2EE8FA82C4553EB00296123 /* PostController.swift */; };
		E2EE8FAB2C4553F300296123 /* NotificationController.swift in Sources */ = {isa = PBXBuildFile; fileRef = E2EE8FAA2C4553F300296123 /* NotificationController.swift */; };
		E2EE8FAD2C4553FB00296123 /* ProfileController.swift in Sources */ = {isa = PBXBuildFile; fileRef = E2EE8FAC2C4553FB00296123 /* ProfileController.swift */; };
		E2EE8FAF2C4569CE00296123 /* FeedCell.swift in Sources */ = {isa = PBXBuildFile; fileRef = E2EE8FAE2C4569CE00296123 /* FeedCell.swift */; };
		E2EE8FB12C456C3D00296123 /* Extensions.swift in Sources */ = {isa = PBXBuildFile; fileRef = E2EE8FB02C456C3D00296123 /* Extensions.swift */; };
		E2EE8FB42C45791E00296123 /* LoginController.swift in Sources */ = {isa = PBXBuildFile; fileRef = E2EE8FB32C45791E00296123 /* LoginController.swift */; };
		E2EE8FB62C45793100296123 /* RegistrationController.swift in Sources */ = {isa = PBXBuildFile; fileRef = E2EE8FB52C45793100296123 /* RegistrationController.swift */; };
/* End PBXBuildFile section */

/* Begin PBXContainerItemProxy section */
		E29C04CE2C44597E006E9883 /* PBXContainerItemProxy */ = {
			isa = PBXContainerItemProxy;
			containerPortal = E29C04AF2C44597B006E9883 /* Project object */;
			proxyType = 1;
			remoteGlobalIDString = E29C04B62C44597B006E9883;
			remoteInfo = InstagramClone;
		};
		E29C04D82C44597E006E9883 /* PBXContainerItemProxy */ = {
			isa = PBXContainerItemProxy;
			containerPortal = E29C04AF2C44597B006E9883 /* Project object */;
			proxyType = 1;
			remoteGlobalIDString = E29C04B62C44597B006E9883;
			remoteInfo = InstagramClone;
		};
/* End PBXContainerItemProxy section */

/* Begin PBXFileReference section */
		02CF710A957A8259C5D15951 /* Pods-InstagramClone-InstagramCloneUITests.debug.xcconfig */ = {isa = PBXFileReference; includeInIndex = 1; lastKnownFileType = text.xcconfig; name = "Pods-InstagramClone-InstagramCloneUITests.debug.xcconfig"; path = "Target Support Files/Pods-InstagramClone-InstagramCloneUITests/Pods-InstagramClone-InstagramCloneUITests.debug.xcconfig"; sourceTree = "<group>"; };
		513C93E56167C244B3F4BA94 /* Pods_InstagramCloneTests.framework */ = {isa = PBXFileReference; explicitFileType = wrapper.framework; includeInIndex = 0; path = Pods_InstagramCloneTests.framework; sourceTree = BUILT_PRODUCTS_DIR; };
		5608F4D06AB9770A1ADA7EF7 /* Pods_InstagramClone_InstagramCloneUITests.framework */ = {isa = PBXFileReference; explicitFileType = wrapper.framework; includeInIndex = 0; path = Pods_InstagramClone_InstagramCloneUITests.framework; sourceTree = BUILT_PRODUCTS_DIR; };
		8A600C2B5BC5FE39FB4EE367 /* Pods-InstagramClone-InstagramCloneUITests.release.xcconfig */ = {isa = PBXFileReference; includeInIndex = 1; lastKnownFileType = text.xcconfig; name = "Pods-InstagramClone-InstagramCloneUITests.release.xcconfig"; path = "Target Support Files/Pods-InstagramClone-InstagramCloneUITests/Pods-InstagramClone-InstagramCloneUITests.release.xcconfig"; sourceTree = "<group>"; };
		AC7C9D94014BD70D36B1EB0B /* Pods-InstagramCloneTests.release.xcconfig */ = {isa = PBXFileReference; includeInIndex = 1; lastKnownFileType = text.xcconfig; name = "Pods-InstagramCloneTests.release.xcconfig"; path = "Target Support Files/Pods-InstagramCloneTests/Pods-InstagramCloneTests.release.xcconfig"; sourceTree = "<group>"; };
		B7554652997E8279D7BB7A07 /* Pods-InstagramClone.release.xcconfig */ = {isa = PBXFileReference; includeInIndex = 1; lastKnownFileType = text.xcconfig; name = "Pods-InstagramClone.release.xcconfig"; path = "Target Support Files/Pods-InstagramClone/Pods-InstagramClone.release.xcconfig"; sourceTree = "<group>"; };
		C49CFC2C14ED334E91959D04 /* Pods-InstagramClone.debug.xcconfig */ = {isa = PBXFileReference; includeInIndex = 1; lastKnownFileType = text.xcconfig; name = "Pods-InstagramClone.debug.xcconfig"; path = "Target Support Files/Pods-InstagramClone/Pods-InstagramClone.debug.xcconfig"; sourceTree = "<group>"; };
		DA5F12FDC629FF48089E280D /* Pods_InstagramClone.framework */ = {isa = PBXFileReference; explicitFileType = wrapper.framework; includeInIndex = 0; path = Pods_InstagramClone.framework; sourceTree = BUILT_PRODUCTS_DIR; };
		E20097B92C4AAB1E00AAD85F /* StringUtil.swift */ = {isa = PBXFileReference; lastKnownFileType = sourcecode.swift; path = StringUtil.swift; sourceTree = "<group>"; };
		E20097BC2C4AC54700AAD85F /* ProfileCell.swift */ = {isa = PBXFileReference; lastKnownFileType = sourcecode.swift; path = ProfileCell.swift; sourceTree = "<group>"; };
		E20097BE2C4AC55000AAD85F /* ProfileHeader.swift */ = {isa = PBXFileReference; lastKnownFileType = sourcecode.swift; path = ProfileHeader.swift; sourceTree = "<group>"; };
		E216FA872C48123E00F289EF /* GoogleService-Info.plist */ = {isa = PBXFileReference; fileEncoding = 4; lastKnownFileType = text.plist.xml; path = "GoogleService-Info.plist"; sourceTree = "<group>"; };
		E216FA892C4818D500F289EF /* ImageUploaderService.swift */ = {isa = PBXFileReference; lastKnownFileType = sourcecode.swift; path = ImageUploaderService.swift; sourceTree = "<group>"; };
		E216FA8B2C4818DD00F289EF /* AuthService.swift */ = {isa = PBXFileReference; lastKnownFileType = sourcecode.swift; path = AuthService.swift; sourceTree = "<group>"; };
		E216FA8D2C48203600F289EF /* FirebaseReference.swift */ = {isa = PBXFileReference; lastKnownFileType = sourcecode.swift; path = FirebaseReference.swift; sourceTree = "<group>"; };
		E261FDFA2C46ACBA00F599DF /* CustomTextField.swift */ = {isa = PBXFileReference; lastKnownFileType = sourcecode.swift; path = CustomTextField.swift; sourceTree = "<group>"; };
		E261FDFC2C46BB3000F599DF /* AuthenticationViewModel.swift */ = {isa = PBXFileReference; lastKnownFileType = sourcecode.swift; path = AuthenticationViewModel.swift; sourceTree = "<group>"; };
		E29C04B72C44597B006E9883 /* InstagramClone.app */ = {isa = PBXFileReference; explicitFileType = wrapper.application; includeInIndex = 0; path = InstagramClone.app; sourceTree = BUILT_PRODUCTS_DIR; };
		E29C04BA2C44597B006E9883 /* AppDelegate.swift */ = {isa = PBXFileReference; lastKnownFileType = sourcecode.swift; path = AppDelegate.swift; sourceTree = "<group>"; };
		E29C04BC2C44597B006E9883 /* SceneDelegate.swift */ = {isa = PBXFileReference; lastKnownFileType = sourcecode.swift; path = SceneDelegate.swift; sourceTree = "<group>"; };
		E29C04C12C44597B006E9883 /* Base */ = {isa = PBXFileReference; lastKnownFileType = file.storyboard; name = Base; path = Base.lproj/Main.storyboard; sourceTree = "<group>"; };
		E29C04C32C44597E006E9883 /* Assets.xcassets */ = {isa = PBXFileReference; lastKnownFileType = folder.assetcatalog; path = Assets.xcassets; sourceTree = "<group>"; };
		E29C04C62C44597E006E9883 /* Base */ = {isa = PBXFileReference; lastKnownFileType = file.storyboard; name = Base; path = Base.lproj/LaunchScreen.storyboard; sourceTree = "<group>"; };
		E29C04C82C44597E006E9883 /* Info.plist */ = {isa = PBXFileReference; lastKnownFileType = text.plist.xml; path = Info.plist; sourceTree = "<group>"; };
		E29C04CD2C44597E006E9883 /* InstagramCloneTests.xctest */ = {isa = PBXFileReference; explicitFileType = wrapper.cfbundle; includeInIndex = 0; path = InstagramCloneTests.xctest; sourceTree = BUILT_PRODUCTS_DIR; };
		E29C04D12C44597E006E9883 /* InstagramCloneTests.swift */ = {isa = PBXFileReference; lastKnownFileType = sourcecode.swift; path = InstagramCloneTests.swift; sourceTree = "<group>"; };
		E29C04D72C44597E006E9883 /* InstagramCloneUITests.xctest */ = {isa = PBXFileReference; explicitFileType = wrapper.cfbundle; includeInIndex = 0; path = InstagramCloneUITests.xctest; sourceTree = BUILT_PRODUCTS_DIR; };
		E29C04DB2C44597E006E9883 /* InstagramCloneUITests.swift */ = {isa = PBXFileReference; lastKnownFileType = sourcecode.swift; path = InstagramCloneUITests.swift; sourceTree = "<group>"; };
		E29C04DD2C44597E006E9883 /* InstagramCloneUITestsLaunchTests.swift */ = {isa = PBXFileReference; lastKnownFileType = sourcecode.swift; path = InstagramCloneUITestsLaunchTests.swift; sourceTree = "<group>"; };
		E29C04F02C4459F7006E9883 /* MainTabController.swift */ = {isa = PBXFileReference; lastKnownFileType = sourcecode.swift; path = MainTabController.swift; sourceTree = "<group>"; };
		E2EE8FA42C4553D600296123 /* FeedController.swift */ = {isa = PBXFileReference; lastKnownFileType = sourcecode.swift; path = FeedController.swift; sourceTree = "<group>"; };
		E2EE8FA62C4553E400296123 /* SearchController.swift */ = {isa = PBXFileReference; lastKnownFileType = sourcecode.swift; path = SearchController.swift; sourceTree = "<group>"; };
		E2EE8FA82C4553EB00296123 /* PostController.swift */ = {isa = PBXFileReference; lastKnownFileType = sourcecode.swift; path = PostController.swift; sourceTree = "<group>"; };
		E2EE8FAA2C4553F300296123 /* NotificationController.swift */ = {isa = PBXFileReference; lastKnownFileType = sourcecode.swift; path = NotificationController.swift; sourceTree = "<group>"; };
		E2EE8FAC2C4553FB00296123 /* ProfileController.swift */ = {isa = PBXFileReference; lastKnownFileType = sourcecode.swift; path = ProfileController.swift; sourceTree = "<group>"; };
		E2EE8FAE2C4569CE00296123 /* FeedCell.swift */ = {isa = PBXFileReference; lastKnownFileType = sourcecode.swift; path = FeedCell.swift; sourceTree = "<group>"; };
		E2EE8FB02C456C3D00296123 /* Extensions.swift */ = {isa = PBXFileReference; lastKnownFileType = sourcecode.swift; path = Extensions.swift; sourceTree = "<group>"; };
		E2EE8FB32C45791E00296123 /* LoginController.swift */ = {isa = PBXFileReference; lastKnownFileType = sourcecode.swift; path = LoginController.swift; sourceTree = "<group>"; };
		E2EE8FB52C45793100296123 /* RegistrationController.swift */ = {isa = PBXFileReference; lastKnownFileType = sourcecode.swift; path = RegistrationController.swift; sourceTree = "<group>"; };
		F36EEA74759F7FA3B37A74A8 /* Pods-InstagramCloneTests.debug.xcconfig */ = {isa = PBXFileReference; includeInIndex = 1; lastKnownFileType = text.xcconfig; name = "Pods-InstagramCloneTests.debug.xcconfig"; path = "Target Support Files/Pods-InstagramCloneTests/Pods-InstagramCloneTests.debug.xcconfig"; sourceTree = "<group>"; };
/* End PBXFileReference section */

/* Begin PBXFrameworksBuildPhase section */
		E29C04B42C44597B006E9883 /* Frameworks */ = {
			isa = PBXFrameworksBuildPhase;
			buildActionMask = 2147483647;
			files = (
				97FAD815BF003868292BB593 /* Pods_InstagramClone.framework in Frameworks */,
			);
			runOnlyForDeploymentPostprocessing = 0;
		};
		E29C04CA2C44597E006E9883 /* Frameworks */ = {
			isa = PBXFrameworksBuildPhase;
			buildActionMask = 2147483647;
			files = (
				2B9A21811FAE1F6A02763D58 /* Pods_InstagramCloneTests.framework in Frameworks */,
			);
			runOnlyForDeploymentPostprocessing = 0;
		};
		E29C04D42C44597E006E9883 /* Frameworks */ = {
			isa = PBXFrameworksBuildPhase;
			buildActionMask = 2147483647;
			files = (
				C07BA6DFA7B5575BC6DB23AA /* Pods_InstagramClone_InstagramCloneUITests.framework in Frameworks */,
			);
			runOnlyForDeploymentPostprocessing = 0;
		};
/* End PBXFrameworksBuildPhase section */

/* Begin PBXGroup section */
		11493C7CBE20AE5FB5F7D910 /* Frameworks */ = {
			isa = PBXGroup;
			children = (
				DA5F12FDC629FF48089E280D /* Pods_InstagramClone.framework */,
				5608F4D06AB9770A1ADA7EF7 /* Pods_InstagramClone_InstagramCloneUITests.framework */,
				513C93E56167C244B3F4BA94 /* Pods_InstagramCloneTests.framework */,
			);
			name = Frameworks;
			sourceTree = "<group>";
		};
		C97C67218985FD03659E8DE7 /* Pods */ = {
			isa = PBXGroup;
			children = (
				C49CFC2C14ED334E91959D04 /* Pods-InstagramClone.debug.xcconfig */,
				B7554652997E8279D7BB7A07 /* Pods-InstagramClone.release.xcconfig */,
				02CF710A957A8259C5D15951 /* Pods-InstagramClone-InstagramCloneUITests.debug.xcconfig */,
				8A600C2B5BC5FE39FB4EE367 /* Pods-InstagramClone-InstagramCloneUITests.release.xcconfig */,
				F36EEA74759F7FA3B37A74A8 /* Pods-InstagramCloneTests.debug.xcconfig */,
				AC7C9D94014BD70D36B1EB0B /* Pods-InstagramCloneTests.release.xcconfig */,
			);
			path = Pods;
			sourceTree = "<group>";
		};
		E20097BB2C4AC53A00AAD85F /* Profile */ = {
			isa = PBXGroup;
			children = (
				E20097BC2C4AC54700AAD85F /* ProfileCell.swift */,
				E20097BE2C4AC55000AAD85F /* ProfileHeader.swift */,
			);
			path = Profile;
			sourceTree = "<group>";
		};
		E29C04AE2C44597B006E9883 = {
			isa = PBXGroup;
			children = (
				E29C04B92C44597B006E9883 /* InstagramClone */,
				E29C04D02C44597E006E9883 /* InstagramCloneTests */,
				E29C04DA2C44597E006E9883 /* InstagramCloneUITests */,
				E29C04B82C44597B006E9883 /* Products */,
				C97C67218985FD03659E8DE7 /* Pods */,
				11493C7CBE20AE5FB5F7D910 /* Frameworks */,
			);
			sourceTree = "<group>";
		};
		E29C04B82C44597B006E9883 /* Products */ = {
			isa = PBXGroup;
			children = (
				E29C04B72C44597B006E9883 /* InstagramClone.app */,
				E29C04CD2C44597E006E9883 /* InstagramCloneTests.xctest */,
				E29C04D72C44597E006E9883 /* InstagramCloneUITests.xctest */,
			);
			name = Products;
			sourceTree = "<group>";
		};
		E29C04B92C44597B006E9883 /* InstagramClone */ = {
			isa = PBXGroup;
			children = (
				E216FA872C48123E00F289EF /* GoogleService-Info.plist */,
				E29C04EF2C4459A3006E9883 /* Model */,
				E29C04EE2C4459A1006E9883 /* View */,
				E29C04ED2C44599F006E9883 /* ViewModel */,
				E29C04EC2C44599D006E9883 /* Controller */,
				E29C04EB2C44599B006E9883 /* API */,
				E29C04EA2C445998006E9883 /* Utils */,
				E29C04BA2C44597B006E9883 /* AppDelegate.swift */,
				E29C04BC2C44597B006E9883 /* SceneDelegate.swift */,
				E29C04C02C44597B006E9883 /* Main.storyboard */,
				E29C04C32C44597E006E9883 /* Assets.xcassets */,
				E29C04C52C44597E006E9883 /* LaunchScreen.storyboard */,
				E29C04C82C44597E006E9883 /* Info.plist */,
			);
			path = InstagramClone;
			sourceTree = "<group>";
		};
		E29C04D02C44597E006E9883 /* InstagramCloneTests */ = {
			isa = PBXGroup;
			children = (
				E29C04D12C44597E006E9883 /* InstagramCloneTests.swift */,
			);
			path = InstagramCloneTests;
			sourceTree = "<group>";
		};
		E29C04DA2C44597E006E9883 /* InstagramCloneUITests */ = {
			isa = PBXGroup;
			children = (
				E29C04DB2C44597E006E9883 /* InstagramCloneUITests.swift */,
				E29C04DD2C44597E006E9883 /* InstagramCloneUITestsLaunchTests.swift */,
			);
			path = InstagramCloneUITests;
			sourceTree = "<group>";
		};
		E29C04EA2C445998006E9883 /* Utils */ = {
			isa = PBXGroup;
			children = (
				E2EE8FB02C456C3D00296123 /* Extensions.swift */,
				E20097B92C4AAB1E00AAD85F /* StringUtil.swift */,
			);
			path = Utils;
			sourceTree = "<group>";
		};
		E29C04EB2C44599B006E9883 /* API */ = {
			isa = PBXGroup;
			children = (
				E216FA892C4818D500F289EF /* ImageUploaderService.swift */,
				E216FA8B2C4818DD00F289EF /* AuthService.swift */,
				E216FA8D2C48203600F289EF /* FirebaseReference.swift */,
			);
			path = API;
			sourceTree = "<group>";
		};
		E29C04EC2C44599D006E9883 /* Controller */ = {
			isa = PBXGroup;
			children = (
				E2EE8FB22C45790C00296123 /* Authentication */,
				E29C04F02C4459F7006E9883 /* MainTabController.swift */,
				E2EE8FA42C4553D600296123 /* FeedController.swift */,
				E2EE8FA62C4553E400296123 /* SearchController.swift */,
				E2EE8FA82C4553EB00296123 /* PostController.swift */,
				E2EE8FAA2C4553F300296123 /* NotificationController.swift */,
				E2EE8FAC2C4553FB00296123 /* ProfileController.swift */,
			);
			path = Controller;
			sourceTree = "<group>";
		};
		E29C04ED2C44599F006E9883 /* ViewModel */ = {
			isa = PBXGroup;
			children = (
				E261FDFC2C46BB3000F599DF /* AuthenticationViewModel.swift */,
			);
			path = ViewModel;
			sourceTree = "<group>";
		};
		E29C04EE2C4459A1006E9883 /* View */ = {
			isa = PBXGroup;
			children = (
				E20097BB2C4AC53A00AAD85F /* Profile */,
				E2EE8FAE2C4569CE00296123 /* FeedCell.swift */,
				E261FDFA2C46ACBA00F599DF /* CustomTextField.swift */,
			);
			path = View;
			sourceTree = "<group>";
		};
		E29C04EF2C4459A3006E9883 /* Model */ = {
			isa = PBXGroup;
			children = (
			);
			path = Model;
			sourceTree = "<group>";
		};
		E2EE8FB22C45790C00296123 /* Authentication */ = {
			isa = PBXGroup;
			children = (
				E2EE8FB32C45791E00296123 /* LoginController.swift */,
				E2EE8FB52C45793100296123 /* RegistrationController.swift */,
			);
			path = Authentication;
			sourceTree = "<group>";
		};
/* End PBXGroup section */

/* Begin PBXNativeTarget section */
		E29C04B62C44597B006E9883 /* InstagramClone */ = {
			isa = PBXNativeTarget;
			buildConfigurationList = E29C04E12C44597E006E9883 /* Build configuration list for PBXNativeTarget "InstagramClone" */;
			buildPhases = (
				C890FAC1BFCC093CA0EAB258 /* [CP] Check Pods Manifest.lock */,
				E29C04B32C44597B006E9883 /* Sources */,
				E29C04B42C44597B006E9883 /* Frameworks */,
				E29C04B52C44597B006E9883 /* Resources */,
				267266B2B842926B24CD88E3 /* [CP] Embed Pods Frameworks */,
			);
			buildRules = (
			);
			dependencies = (
			);
			name = InstagramClone;
			productName = InstagramClone;
			productReference = E29C04B72C44597B006E9883 /* InstagramClone.app */;
			productType = "com.apple.product-type.application";
		};
		E29C04CC2C44597E006E9883 /* InstagramCloneTests */ = {
			isa = PBXNativeTarget;
			buildConfigurationList = E29C04E42C44597E006E9883 /* Build configuration list for PBXNativeTarget "InstagramCloneTests" */;
			buildPhases = (
				8BA68C6EE6C5F0D2FA53486F /* [CP] Check Pods Manifest.lock */,
				E29C04C92C44597E006E9883 /* Sources */,
				E29C04CA2C44597E006E9883 /* Frameworks */,
				E29C04CB2C44597E006E9883 /* Resources */,
			);
			buildRules = (
			);
			dependencies = (
				E29C04CF2C44597E006E9883 /* PBXTargetDependency */,
			);
			name = InstagramCloneTests;
			productName = InstagramCloneTests;
			productReference = E29C04CD2C44597E006E9883 /* InstagramCloneTests.xctest */;
			productType = "com.apple.product-type.bundle.unit-test";
		};
		E29C04D62C44597E006E9883 /* InstagramCloneUITests */ = {
			isa = PBXNativeTarget;
			buildConfigurationList = E29C04E72C44597E006E9883 /* Build configuration list for PBXNativeTarget "InstagramCloneUITests" */;
			buildPhases = (
				FD6B87091E58D5106DFFF8EA /* [CP] Check Pods Manifest.lock */,
				E29C04D32C44597E006E9883 /* Sources */,
				E29C04D42C44597E006E9883 /* Frameworks */,
				E29C04D52C44597E006E9883 /* Resources */,
				C1D6DA3CEF16C464E9EEDA4B /* [CP] Embed Pods Frameworks */,
			);
			buildRules = (
			);
			dependencies = (
				E29C04D92C44597E006E9883 /* PBXTargetDependency */,
			);
			name = InstagramCloneUITests;
			productName = InstagramCloneUITests;
			productReference = E29C04D72C44597E006E9883 /* InstagramCloneUITests.xctest */;
			productType = "com.apple.product-type.bundle.ui-testing";
		};
/* End PBXNativeTarget section */

/* Begin PBXProject section */
		E29C04AF2C44597B006E9883 /* Project object */ = {
			isa = PBXProject;
			attributes = {
				BuildIndependentTargetsInParallel = 1;
				LastSwiftUpdateCheck = 1530;
				LastUpgradeCheck = 1530;
				TargetAttributes = {
					E29C04B62C44597B006E9883 = {
						CreatedOnToolsVersion = 15.3;
					};
					E29C04CC2C44597E006E9883 = {
						CreatedOnToolsVersion = 15.3;
						TestTargetID = E29C04B62C44597B006E9883;
					};
					E29C04D62C44597E006E9883 = {
						CreatedOnToolsVersion = 15.3;
						TestTargetID = E29C04B62C44597B006E9883;
					};
				};
			};
			buildConfigurationList = E29C04B22C44597B006E9883 /* Build configuration list for PBXProject "InstagramClone" */;
			compatibilityVersion = "Xcode 14.0";
			developmentRegion = en;
			hasScannedForEncodings = 0;
			knownRegions = (
				en,
				Base,
			);
			mainGroup = E29C04AE2C44597B006E9883;
			productRefGroup = E29C04B82C44597B006E9883 /* Products */;
			projectDirPath = "";
			projectRoot = "";
			targets = (
				E29C04B62C44597B006E9883 /* InstagramClone */,
				E29C04CC2C44597E006E9883 /* InstagramCloneTests */,
				E29C04D62C44597E006E9883 /* InstagramCloneUITests */,
			);
		};
/* End PBXProject section */

/* Begin PBXResourcesBuildPhase section */
		E29C04B52C44597B006E9883 /* Resources */ = {
			isa = PBXResourcesBuildPhase;
			buildActionMask = 2147483647;
			files = (
				E29C04C42C44597E006E9883 /* Assets.xcassets in Resources */,
				E29C04C72C44597E006E9883 /* Base in Resources */,
				E29C04C22C44597B006E9883 /* Base in Resources */,
				E216FA882C48123E00F289EF /* GoogleService-Info.plist in Resources */,
			);
			runOnlyForDeploymentPostprocessing = 0;
		};
		E29C04CB2C44597E006E9883 /* Resources */ = {
			isa = PBXResourcesBuildPhase;
			buildActionMask = 2147483647;
			files = (
			);
			runOnlyForDeploymentPostprocessing = 0;
		};
		E29C04D52C44597E006E9883 /* Resources */ = {
			isa = PBXResourcesBuildPhase;
			buildActionMask = 2147483647;
			files = (
			);
			runOnlyForDeploymentPostprocessing = 0;
		};
/* End PBXResourcesBuildPhase section */

/* Begin PBXShellScriptBuildPhase section */
		267266B2B842926B24CD88E3 /* [CP] Embed Pods Frameworks */ = {
			isa = PBXShellScriptBuildPhase;
			buildActionMask = 2147483647;
			files = (
			);
			inputFileListPaths = (
				"${PODS_ROOT}/Target Support Files/Pods-InstagramClone/Pods-InstagramClone-frameworks-${CONFIGURATION}-input-files.xcfilelist",
			);
			name = "[CP] Embed Pods Frameworks";
			outputFileListPaths = (
				"${PODS_ROOT}/Target Support Files/Pods-InstagramClone/Pods-InstagramClone-frameworks-${CONFIGURATION}-output-files.xcfilelist",
			);
			runOnlyForDeploymentPostprocessing = 0;
			shellPath = /bin/sh;
			shellScript = "\"${PODS_ROOT}/Target Support Files/Pods-InstagramClone/Pods-InstagramClone-frameworks.sh\"\n";
			showEnvVarsInLog = 0;
		};
		8BA68C6EE6C5F0D2FA53486F /* [CP] Check Pods Manifest.lock */ = {
			isa = PBXShellScriptBuildPhase;
			buildActionMask = 2147483647;
			files = (
			);
			inputFileListPaths = (
			);
			inputPaths = (
				"${PODS_PODFILE_DIR_PATH}/Podfile.lock",
				"${PODS_ROOT}/Manifest.lock",
			);
			name = "[CP] Check Pods Manifest.lock";
			outputFileListPaths = (
			);
			outputPaths = (
				"$(DERIVED_FILE_DIR)/Pods-InstagramCloneTests-checkManifestLockResult.txt",
			);
			runOnlyForDeploymentPostprocessing = 0;
			shellPath = /bin/sh;
			shellScript = "diff \"${PODS_PODFILE_DIR_PATH}/Podfile.lock\" \"${PODS_ROOT}/Manifest.lock\" > /dev/null\nif [ $? != 0 ] ; then\n    # print error to STDERR\n    echo \"error: The sandbox is not in sync with the Podfile.lock. Run 'pod install' or update your CocoaPods installation.\" >&2\n    exit 1\nfi\n# This output is used by Xcode 'outputs' to avoid re-running this script phase.\necho \"SUCCESS\" > \"${SCRIPT_OUTPUT_FILE_0}\"\n";
			showEnvVarsInLog = 0;
		};
		C1D6DA3CEF16C464E9EEDA4B /* [CP] Embed Pods Frameworks */ = {
			isa = PBXShellScriptBuildPhase;
			buildActionMask = 2147483647;
			files = (
			);
			inputFileListPaths = (
				"${PODS_ROOT}/Target Support Files/Pods-InstagramClone-InstagramCloneUITests/Pods-InstagramClone-InstagramCloneUITests-frameworks-${CONFIGURATION}-input-files.xcfilelist",
			);
			name = "[CP] Embed Pods Frameworks";
			outputFileListPaths = (
				"${PODS_ROOT}/Target Support Files/Pods-InstagramClone-InstagramCloneUITests/Pods-InstagramClone-InstagramCloneUITests-frameworks-${CONFIGURATION}-output-files.xcfilelist",
			);
			runOnlyForDeploymentPostprocessing = 0;
			shellPath = /bin/sh;
			shellScript = "\"${PODS_ROOT}/Target Support Files/Pods-InstagramClone-InstagramCloneUITests/Pods-InstagramClone-InstagramCloneUITests-frameworks.sh\"\n";
			showEnvVarsInLog = 0;
		};
		C890FAC1BFCC093CA0EAB258 /* [CP] Check Pods Manifest.lock */ = {
			isa = PBXShellScriptBuildPhase;
			buildActionMask = 2147483647;
			files = (
			);
			inputFileListPaths = (
			);
			inputPaths = (
				"${PODS_PODFILE_DIR_PATH}/Podfile.lock",
				"${PODS_ROOT}/Manifest.lock",
			);
			name = "[CP] Check Pods Manifest.lock";
			outputFileListPaths = (
			);
			outputPaths = (
				"$(DERIVED_FILE_DIR)/Pods-InstagramClone-checkManifestLockResult.txt",
			);
			runOnlyForDeploymentPostprocessing = 0;
			shellPath = /bin/sh;
			shellScript = "diff \"${PODS_PODFILE_DIR_PATH}/Podfile.lock\" \"${PODS_ROOT}/Manifest.lock\" > /dev/null\nif [ $? != 0 ] ; then\n    # print error to STDERR\n    echo \"error: The sandbox is not in sync with the Podfile.lock. Run 'pod install' or update your CocoaPods installation.\" >&2\n    exit 1\nfi\n# This output is used by Xcode 'outputs' to avoid re-running this script phase.\necho \"SUCCESS\" > \"${SCRIPT_OUTPUT_FILE_0}\"\n";
			showEnvVarsInLog = 0;
		};
		FD6B87091E58D5106DFFF8EA /* [CP] Check Pods Manifest.lock */ = {
			isa = PBXShellScriptBuildPhase;
			buildActionMask = 2147483647;
			files = (
			);
			inputFileListPaths = (
			);
			inputPaths = (
				"${PODS_PODFILE_DIR_PATH}/Podfile.lock",
				"${PODS_ROOT}/Manifest.lock",
			);
			name = "[CP] Check Pods Manifest.lock";
			outputFileListPaths = (
			);
			outputPaths = (
				"$(DERIVED_FILE_DIR)/Pods-InstagramClone-InstagramCloneUITests-checkManifestLockResult.txt",
			);
			runOnlyForDeploymentPostprocessing = 0;
			shellPath = /bin/sh;
			shellScript = "diff \"${PODS_PODFILE_DIR_PATH}/Podfile.lock\" \"${PODS_ROOT}/Manifest.lock\" > /dev/null\nif [ $? != 0 ] ; then\n    # print error to STDERR\n    echo \"error: The sandbox is not in sync with the Podfile.lock. Run 'pod install' or update your CocoaPods installation.\" >&2\n    exit 1\nfi\n# This output is used by Xcode 'outputs' to avoid re-running this script phase.\necho \"SUCCESS\" > \"${SCRIPT_OUTPUT_FILE_0}\"\n";
			showEnvVarsInLog = 0;
		};
/* End PBXShellScriptBuildPhase section */

/* Begin PBXSourcesBuildPhase section */
		E29C04B32C44597B006E9883 /* Sources */ = {
			isa = PBXSourcesBuildPhase;
			buildActionMask = 2147483647;
			files = (
				E261FDFB2C46ACBA00F599DF /* CustomTextField.swift in Sources */,
				E2EE8FB42C45791E00296123 /* LoginController.swift in Sources */,
				E261FDFD2C46BB3000F599DF /* AuthenticationViewModel.swift in Sources */,
				E29C04BB2C44597B006E9883 /* AppDelegate.swift in Sources */,
				E2EE8FA52C4553D600296123 /* FeedController.swift in Sources */,
				E216FA8E2C48203600F289EF /* FirebaseReference.swift in Sources */,
				E29C04BD2C44597B006E9883 /* SceneDelegate.swift in Sources */,
				E2EE8FAD2C4553FB00296123 /* ProfileController.swift in Sources */,
				E20097BF2C4AC55000AAD85F /* ProfileHeader.swift in Sources */,
				E20097BA2C4AAB1E00AAD85F /* StringUtil.swift in Sources */,
				E29C04F12C4459F7006E9883 /* MainTabController.swift in Sources */,
				E2EE8FB12C456C3D00296123 /* Extensions.swift in Sources */,
				E2EE8FA92C4553EB00296123 /* PostController.swift in Sources */,
				E2EE8FA72C4553E400296123 /* SearchController.swift in Sources */,
				E2EE8FAB2C4553F300296123 /* NotificationController.swift in Sources */,
				E2EE8FB62C45793100296123 /* RegistrationController.swift in Sources */,
				E20097BD2C4AC54700AAD85F /* ProfileCell.swift in Sources */,
				E2EE8FAF2C4569CE00296123 /* FeedCell.swift in Sources */,
				E216FA8A2C4818D500F289EF /* ImageUploaderService.swift in Sources */,
				E216FA8C2C4818DD00F289EF /* AuthService.swift in Sources */,
			);
			runOnlyForDeploymentPostprocessing = 0;
		};
		E29C04C92C44597E006E9883 /* Sources */ = {
			isa = PBXSourcesBuildPhase;
			buildActionMask = 2147483647;
			files = (
				E29C04D22C44597E006E9883 /* InstagramCloneTests.swift in Sources */,
			);
			runOnlyForDeploymentPostprocessing = 0;
		};
		E29C04D32C44597E006E9883 /* Sources */ = {
			isa = PBXSourcesBuildPhase;
			buildActionMask = 2147483647;
			files = (
				E29C04DC2C44597E006E9883 /* InstagramCloneUITests.swift in Sources */,
				E29C04DE2C44597E006E9883 /* InstagramCloneUITestsLaunchTests.swift in Sources */,
			);
			runOnlyForDeploymentPostprocessing = 0;
		};
/* End PBXSourcesBuildPhase section */

/* Begin PBXTargetDependency section */
		E29C04CF2C44597E006E9883 /* PBXTargetDependency */ = {
			isa = PBXTargetDependency;
			target = E29C04B62C44597B006E9883 /* InstagramClone */;
			targetProxy = E29C04CE2C44597E006E9883 /* PBXContainerItemProxy */;
		};
		E29C04D92C44597E006E9883 /* PBXTargetDependency */ = {
			isa = PBXTargetDependency;
			target = E29C04B62C44597B006E9883 /* InstagramClone */;
			targetProxy = E29C04D82C44597E006E9883 /* PBXContainerItemProxy */;
		};
/* End PBXTargetDependency section */

/* Begin PBXVariantGroup section */
		E29C04C02C44597B006E9883 /* Main.storyboard */ = {
			isa = PBXVariantGroup;
			children = (
				E29C04C12C44597B006E9883 /* Base */,
			);
			name = Main.storyboard;
			sourceTree = "<group>";
		};
		E29C04C52C44597E006E9883 /* LaunchScreen.storyboard */ = {
			isa = PBXVariantGroup;
			children = (
				E29C04C62C44597E006E9883 /* Base */,
			);
			name = LaunchScreen.storyboard;
			sourceTree = "<group>";
		};
/* End PBXVariantGroup section */

/* Begin XCBuildConfiguration section */
		E29C04DF2C44597E006E9883 /* Debug */ = {
			isa = XCBuildConfiguration;
			buildSettings = {
				ALWAYS_SEARCH_USER_PATHS = NO;
				ASSETCATALOG_COMPILER_GENERATE_SWIFT_ASSET_SYMBOL_EXTENSIONS = YES;
				CLANG_ANALYZER_NONNULL = YES;
				CLANG_ANALYZER_NUMBER_OBJECT_CONVERSION = YES_AGGRESSIVE;
				CLANG_CXX_LANGUAGE_STANDARD = "gnu++20";
				CLANG_ENABLE_MODULES = YES;
				CLANG_ENABLE_OBJC_ARC = YES;
				CLANG_ENABLE_OBJC_WEAK = YES;
				CLANG_WARN_BLOCK_CAPTURE_AUTORELEASING = YES;
				CLANG_WARN_BOOL_CONVERSION = YES;
				CLANG_WARN_COMMA = YES;
				CLANG_WARN_CONSTANT_CONVERSION = YES;
				CLANG_WARN_DEPRECATED_OBJC_IMPLEMENTATIONS = YES;
				CLANG_WARN_DIRECT_OBJC_ISA_USAGE = YES_ERROR;
				CLANG_WARN_DOCUMENTATION_COMMENTS = YES;
				CLANG_WARN_EMPTY_BODY = YES;
				CLANG_WARN_ENUM_CONVERSION = YES;
				CLANG_WARN_INFINITE_RECURSION = YES;
				CLANG_WARN_INT_CONVERSION = YES;
				CLANG_WARN_NON_LITERAL_NULL_CONVERSION = YES;
				CLANG_WARN_OBJC_IMPLICIT_RETAIN_SELF = YES;
				CLANG_WARN_OBJC_LITERAL_CONVERSION = YES;
				CLANG_WARN_OBJC_ROOT_CLASS = YES_ERROR;
				CLANG_WARN_QUOTED_INCLUDE_IN_FRAMEWORK_HEADER = YES;
				CLANG_WARN_RANGE_LOOP_ANALYSIS = YES;
				CLANG_WARN_STRICT_PROTOTYPES = YES;
				CLANG_WARN_SUSPICIOUS_MOVE = YES;
				CLANG_WARN_UNGUARDED_AVAILABILITY = YES_AGGRESSIVE;
				CLANG_WARN_UNREACHABLE_CODE = YES;
				CLANG_WARN__DUPLICATE_METHOD_MATCH = YES;
				COPY_PHASE_STRIP = NO;
				DEBUG_INFORMATION_FORMAT = dwarf;
				ENABLE_STRICT_OBJC_MSGSEND = YES;
				ENABLE_TESTABILITY = YES;
				ENABLE_USER_SCRIPT_SANDBOXING = YES;
				GCC_C_LANGUAGE_STANDARD = gnu17;
				GCC_DYNAMIC_NO_PIC = NO;
				GCC_NO_COMMON_BLOCKS = YES;
				GCC_OPTIMIZATION_LEVEL = 0;
				GCC_PREPROCESSOR_DEFINITIONS = (
					"DEBUG=1",
					"$(inherited)",
				);
				GCC_WARN_64_TO_32_BIT_CONVERSION = YES;
				GCC_WARN_ABOUT_RETURN_TYPE = YES_ERROR;
				GCC_WARN_UNDECLARED_SELECTOR = YES;
				GCC_WARN_UNINITIALIZED_AUTOS = YES_AGGRESSIVE;
				GCC_WARN_UNUSED_FUNCTION = YES;
				GCC_WARN_UNUSED_VARIABLE = YES;
				IPHONEOS_DEPLOYMENT_TARGET = 17.4;
				LOCALIZATION_PREFERS_STRING_CATALOGS = YES;
				MTL_ENABLE_DEBUG_INFO = INCLUDE_SOURCE;
				MTL_FAST_MATH = YES;
				ONLY_ACTIVE_ARCH = YES;
				SDKROOT = iphoneos;
				SWIFT_ACTIVE_COMPILATION_CONDITIONS = "DEBUG $(inherited)";
				SWIFT_OPTIMIZATION_LEVEL = "-Onone";
			};
			name = Debug;
		};
		E29C04E02C44597E006E9883 /* Release */ = {
			isa = XCBuildConfiguration;
			buildSettings = {
				ALWAYS_SEARCH_USER_PATHS = NO;
				ASSETCATALOG_COMPILER_GENERATE_SWIFT_ASSET_SYMBOL_EXTENSIONS = YES;
				CLANG_ANALYZER_NONNULL = YES;
				CLANG_ANALYZER_NUMBER_OBJECT_CONVERSION = YES_AGGRESSIVE;
				CLANG_CXX_LANGUAGE_STANDARD = "gnu++20";
				CLANG_ENABLE_MODULES = YES;
				CLANG_ENABLE_OBJC_ARC = YES;
				CLANG_ENABLE_OBJC_WEAK = YES;
				CLANG_WARN_BLOCK_CAPTURE_AUTORELEASING = YES;
				CLANG_WARN_BOOL_CONVERSION = YES;
				CLANG_WARN_COMMA = YES;
				CLANG_WARN_CONSTANT_CONVERSION = YES;
				CLANG_WARN_DEPRECATED_OBJC_IMPLEMENTATIONS = YES;
				CLANG_WARN_DIRECT_OBJC_ISA_USAGE = YES_ERROR;
				CLANG_WARN_DOCUMENTATION_COMMENTS = YES;
				CLANG_WARN_EMPTY_BODY = YES;
				CLANG_WARN_ENUM_CONVERSION = YES;
				CLANG_WARN_INFINITE_RECURSION = YES;
				CLANG_WARN_INT_CONVERSION = YES;
				CLANG_WARN_NON_LITERAL_NULL_CONVERSION = YES;
				CLANG_WARN_OBJC_IMPLICIT_RETAIN_SELF = YES;
				CLANG_WARN_OBJC_LITERAL_CONVERSION = YES;
				CLANG_WARN_OBJC_ROOT_CLASS = YES_ERROR;
				CLANG_WARN_QUOTED_INCLUDE_IN_FRAMEWORK_HEADER = YES;
				CLANG_WARN_RANGE_LOOP_ANALYSIS = YES;
				CLANG_WARN_STRICT_PROTOTYPES = YES;
				CLANG_WARN_SUSPICIOUS_MOVE = YES;
				CLANG_WARN_UNGUARDED_AVAILABILITY = YES_AGGRESSIVE;
				CLANG_WARN_UNREACHABLE_CODE = YES;
				CLANG_WARN__DUPLICATE_METHOD_MATCH = YES;
				COPY_PHASE_STRIP = NO;
				DEBUG_INFORMATION_FORMAT = "dwarf-with-dsym";
				ENABLE_NS_ASSERTIONS = NO;
				ENABLE_STRICT_OBJC_MSGSEND = YES;
				ENABLE_USER_SCRIPT_SANDBOXING = YES;
				GCC_C_LANGUAGE_STANDARD = gnu17;
				GCC_NO_COMMON_BLOCKS = YES;
				GCC_WARN_64_TO_32_BIT_CONVERSION = YES;
				GCC_WARN_ABOUT_RETURN_TYPE = YES_ERROR;
				GCC_WARN_UNDECLARED_SELECTOR = YES;
				GCC_WARN_UNINITIALIZED_AUTOS = YES_AGGRESSIVE;
				GCC_WARN_UNUSED_FUNCTION = YES;
				GCC_WARN_UNUSED_VARIABLE = YES;
				IPHONEOS_DEPLOYMENT_TARGET = 17.4;
				LOCALIZATION_PREFERS_STRING_CATALOGS = YES;
				MTL_ENABLE_DEBUG_INFO = NO;
				MTL_FAST_MATH = YES;
				SDKROOT = iphoneos;
				SWIFT_COMPILATION_MODE = wholemodule;
				VALIDATE_PRODUCT = YES;
			};
			name = Release;
		};
		E29C04E22C44597E006E9883 /* Debug */ = {
			isa = XCBuildConfiguration;
			baseConfigurationReference = C49CFC2C14ED334E91959D04 /* Pods-InstagramClone.debug.xcconfig */;
			buildSettings = {
				ASSETCATALOG_COMPILER_APPICON_NAME = AppIcon;
				ASSETCATALOG_COMPILER_GLOBAL_ACCENT_COLOR_NAME = AccentColor;
				CODE_SIGN_STYLE = Automatic;
				CURRENT_PROJECT_VERSION = 1;
				DEVELOPMENT_TEAM = TQTKK274J3;
				ENABLE_USER_SCRIPT_SANDBOXING = NO;
				GENERATE_INFOPLIST_FILE = YES;
				INFOPLIST_FILE = InstagramClone/Info.plist;
				INFOPLIST_KEY_UIApplicationSupportsIndirectInputEvents = YES;
				INFOPLIST_KEY_UILaunchStoryboardName = LaunchScreen;
				INFOPLIST_KEY_UIMainStoryboardFile = Main;
				INFOPLIST_KEY_UISupportedInterfaceOrientations_iPad = "UIInterfaceOrientationPortrait UIInterfaceOrientationPortraitUpsideDown UIInterfaceOrientationLandscapeLeft UIInterfaceOrientationLandscapeRight";
				INFOPLIST_KEY_UISupportedInterfaceOrientations_iPhone = "UIInterfaceOrientationPortrait UIInterfaceOrientationLandscapeLeft UIInterfaceOrientationLandscapeRight";
				LD_RUNPATH_SEARCH_PATHS = (
					"$(inherited)",
					"@executable_path/Frameworks",
				);
				MARKETING_VERSION = 1.0;
				PRODUCT_BUNDLE_IDENTIFIER = com.nandawperdana.InstagramClone;
				PRODUCT_NAME = "$(TARGET_NAME)";
				SWIFT_EMIT_LOC_STRINGS = YES;
				SWIFT_VERSION = 5.0;
				TARGETED_DEVICE_FAMILY = "1,2";
			};
			name = Debug;
		};
		E29C04E32C44597E006E9883 /* Release */ = {
			isa = XCBuildConfiguration;
			baseConfigurationReference = B7554652997E8279D7BB7A07 /* Pods-InstagramClone.release.xcconfig */;
			buildSettings = {
				ASSETCATALOG_COMPILER_APPICON_NAME = AppIcon;
				ASSETCATALOG_COMPILER_GLOBAL_ACCENT_COLOR_NAME = AccentColor;
				CODE_SIGN_STYLE = Automatic;
				CURRENT_PROJECT_VERSION = 1;
				DEVELOPMENT_TEAM = TQTKK274J3;
				ENABLE_USER_SCRIPT_SANDBOXING = NO;
				GENERATE_INFOPLIST_FILE = YES;
				INFOPLIST_FILE = InstagramClone/Info.plist;
				INFOPLIST_KEY_UIApplicationSupportsIndirectInputEvents = YES;
				INFOPLIST_KEY_UILaunchStoryboardName = LaunchScreen;
				INFOPLIST_KEY_UIMainStoryboardFile = Main;
				INFOPLIST_KEY_UISupportedInterfaceOrientations_iPad = "UIInterfaceOrientationPortrait UIInterfaceOrientationPortraitUpsideDown UIInterfaceOrientationLandscapeLeft UIInterfaceOrientationLandscapeRight";
				INFOPLIST_KEY_UISupportedInterfaceOrientations_iPhone = "UIInterfaceOrientationPortrait UIInterfaceOrientationLandscapeLeft UIInterfaceOrientationLandscapeRight";
				LD_RUNPATH_SEARCH_PATHS = (
					"$(inherited)",
					"@executable_path/Frameworks",
				);
				MARKETING_VERSION = 1.0;
				PRODUCT_BUNDLE_IDENTIFIER = com.nandawperdana.InstagramClone;
				PRODUCT_NAME = "$(TARGET_NAME)";
				SWIFT_EMIT_LOC_STRINGS = YES;
				SWIFT_VERSION = 5.0;
				TARGETED_DEVICE_FAMILY = "1,2";
			};
			name = Release;
		};
		E29C04E52C44597E006E9883 /* Debug */ = {
			isa = XCBuildConfiguration;
			baseConfigurationReference = F36EEA74759F7FA3B37A74A8 /* Pods-InstagramCloneTests.debug.xcconfig */;
			buildSettings = {
				ALWAYS_EMBED_SWIFT_STANDARD_LIBRARIES = YES;
				BUNDLE_LOADER = "$(TEST_HOST)";
				CODE_SIGN_STYLE = Automatic;
				CURRENT_PROJECT_VERSION = 1;
				DEVELOPMENT_TEAM = TQTKK274J3;
				GENERATE_INFOPLIST_FILE = YES;
				IPHONEOS_DEPLOYMENT_TARGET = 17.4;
				MARKETING_VERSION = 1.0;
				PRODUCT_BUNDLE_IDENTIFIER = com.nandawperdana.InstagramCloneTests;
				PRODUCT_NAME = "$(TARGET_NAME)";
				SWIFT_EMIT_LOC_STRINGS = NO;
				SWIFT_VERSION = 5.0;
				TARGETED_DEVICE_FAMILY = "1,2";
				TEST_HOST = "$(BUILT_PRODUCTS_DIR)/InstagramClone.app/$(BUNDLE_EXECUTABLE_FOLDER_PATH)/InstagramClone";
			};
			name = Debug;
		};
		E29C04E62C44597E006E9883 /* Release */ = {
			isa = XCBuildConfiguration;
			baseConfigurationReference = AC7C9D94014BD70D36B1EB0B /* Pods-InstagramCloneTests.release.xcconfig */;
			buildSettings = {
				ALWAYS_EMBED_SWIFT_STANDARD_LIBRARIES = YES;
				BUNDLE_LOADER = "$(TEST_HOST)";
				CODE_SIGN_STYLE = Automatic;
				CURRENT_PROJECT_VERSION = 1;
				DEVELOPMENT_TEAM = TQTKK274J3;
				GENERATE_INFOPLIST_FILE = YES;
				IPHONEOS_DEPLOYMENT_TARGET = 17.4;
				MARKETING_VERSION = 1.0;
				PRODUCT_BUNDLE_IDENTIFIER = com.nandawperdana.InstagramCloneTests;
				PRODUCT_NAME = "$(TARGET_NAME)";
				SWIFT_EMIT_LOC_STRINGS = NO;
				SWIFT_VERSION = 5.0;
				TARGETED_DEVICE_FAMILY = "1,2";
				TEST_HOST = "$(BUILT_PRODUCTS_DIR)/InstagramClone.app/$(BUNDLE_EXECUTABLE_FOLDER_PATH)/InstagramClone";
			};
			name = Release;
		};
		E29C04E82C44597E006E9883 /* Debug */ = {
			isa = XCBuildConfiguration;
			baseConfigurationReference = 02CF710A957A8259C5D15951 /* Pods-InstagramClone-InstagramCloneUITests.debug.xcconfig */;
			buildSettings = {
				ALWAYS_EMBED_SWIFT_STANDARD_LIBRARIES = YES;
				CODE_SIGN_STYLE = Automatic;
				CURRENT_PROJECT_VERSION = 1;
				DEVELOPMENT_TEAM = TQTKK274J3;
				GENERATE_INFOPLIST_FILE = YES;
				MARKETING_VERSION = 1.0;
				PRODUCT_BUNDLE_IDENTIFIER = com.nandawperdana.InstagramCloneUITests;
				PRODUCT_NAME = "$(TARGET_NAME)";
				SWIFT_EMIT_LOC_STRINGS = NO;
				SWIFT_VERSION = 5.0;
				TARGETED_DEVICE_FAMILY = "1,2";
				TEST_TARGET_NAME = InstagramClone;
			};
			name = Debug;
		};
		E29C04E92C44597E006E9883 /* Release */ = {
			isa = XCBuildConfiguration;
			baseConfigurationReference = 8A600C2B5BC5FE39FB4EE367 /* Pods-InstagramClone-InstagramCloneUITests.release.xcconfig */;
			buildSettings = {
				ALWAYS_EMBED_SWIFT_STANDARD_LIBRARIES = YES;
				CODE_SIGN_STYLE = Automatic;
				CURRENT_PROJECT_VERSION = 1;
				DEVELOPMENT_TEAM = TQTKK274J3;
				GENERATE_INFOPLIST_FILE = YES;
				MARKETING_VERSION = 1.0;
				PRODUCT_BUNDLE_IDENTIFIER = com.nandawperdana.InstagramCloneUITests;
				PRODUCT_NAME = "$(TARGET_NAME)";
				SWIFT_EMIT_LOC_STRINGS = NO;
				SWIFT_VERSION = 5.0;
				TARGETED_DEVICE_FAMILY = "1,2";
				TEST_TARGET_NAME = InstagramClone;
			};
			name = Release;
		};
/* End XCBuildConfiguration section */

/* Begin XCConfigurationList section */
		E29C04B22C44597B006E9883 /* Build configuration list for PBXProject "InstagramClone" */ = {
			isa = XCConfigurationList;
			buildConfigurations = (
				E29C04DF2C44597E006E9883 /* Debug */,
				E29C04E02C44597E006E9883 /* Release */,
			);
			defaultConfigurationIsVisible = 0;
			defaultConfigurationName = Release;
		};
		E29C04E12C44597E006E9883 /* Build configuration list for PBXNativeTarget "InstagramClone" */ = {
			isa = XCConfigurationList;
			buildConfigurations = (
				E29C04E22C44597E006E9883 /* Debug */,
				E29C04E32C44597E006E9883 /* Release */,
			);
			defaultConfigurationIsVisible = 0;
			defaultConfigurationName = Release;
		};
		E29C04E42C44597E006E9883 /* Build configuration list for PBXNativeTarget "InstagramCloneTests" */ = {
			isa = XCConfigurationList;
			buildConfigurations = (
				E29C04E52C44597E006E9883 /* Debug */,
				E29C04E62C44597E006E9883 /* Release */,
			);
			defaultConfigurationIsVisible = 0;
			defaultConfigurationName = Release;
		};
		E29C04E72C44597E006E9883 /* Build configuration list for PBXNativeTarget "InstagramCloneUITests" */ = {
			isa = XCConfigurationList;
			buildConfigurations = (
				E29C04E82C44597E006E9883 /* Debug */,
				E29C04E92C44597E006E9883 /* Release */,
			);
			defaultConfigurationIsVisible = 0;
			defaultConfigurationName = Release;
		};
/* End XCConfigurationList section */
	};
	rootObject = E29C04AF2C44597B006E9883 /* Project object */;
}
